
Microsoft Visual Studio Solution File, Format Version 12.00
# Visual Studio Version 17
VisualStudioVersion = 17.0.32112.339
MinimumVisualStudioVersion = 10.0.40219.1
Project("{9A19103F-16F7-4668-BE54-9A1E7A4F7556}") = "Auth0ManagementCLI", "src\Auth0ManagementCLI\Auth0ManagementCLI.csproj", "{D9AA1771-AE23-42D5-8E60-1323F9EBE648}"
EndProject
Global
	GlobalSection(SolutionConfigurationPlatforms) = preSolution
		Debug|Any CPU = Debug|Any CPU
		Release|Any CPU = Release|Any CPU
	EndGlobalSection
	GlobalSection(ProjectConfigurationPlatforms) = postSolution
		{D9AA1771-AE23-42D5-8E60-1323F9EBE648}.Debug|Any CPU.ActiveCfg = Debug|Any CPU
		{D9AA1771-AE23-42D5-8E60-1323F9EBE648}.Debug|Any CPU.Build.0 = Debug|Any CPU
		{D9AA1771-AE23-42D5-8E60-1323F9EBE648}.Release|Any CPU.ActiveCfg = Release|Any CPU
		{D9AA1771-AE23-42D5-8E60-1323F9EBE648}.Release|Any CPU.Build.0 = Release|Any CPU
	EndGlobalSection
	GlobalSection(SolutionProperties) = preSolution
		HideSolutionNode = FALSE
	EndGlobalSection
	GlobalSection(ExtensibilityGlobals) = postSolution
		SolutionGuid = {A8F86D6F-3F24-4BC9-BCBE-DEF4B53663A2}
	EndGlobalSection
EndGlobal
